
Microsoft Visual Studio Solution File, Format Version 12.00
# Visual Studio 2013
VisualStudioVersion = 12.0.21005.1
MinimumVisualStudioVersion = 10.0.40219.1
Project("{FAE04EC0-301F-11D3-BF4B-00C04F79EFBC}") = "LinkMusicProject", "LinkMusicProject\LinkMusicProject.csproj", "{7507FD51-7F59-48A6-8632-B2C884F96DFA}"
EndProject
Global
	GlobalSection(SolutionConfigurationPlatforms) = preSolution
		Debug|Any CPU = Debug|Any CPU
		Release|Any CPU = Release|Any CPU
	EndGlobalSection
	GlobalSection(ProjectConfigurationPlatforms) = postSolution
		{7507FD51-7F59-48A6-8632-B2C884F96DFA}.Debug|Any CPU.ActiveCfg = Debug|Any CPU
		{7507FD51-7F59-48A6-8632-B2C884F96DFA}.Debug|Any CPU.Build.0 = Debug|Any CPU
		{7507FD51-7F59-48A6-8632-B2C884F96DFA}.Release|Any CPU.ActiveCfg = Release|Any CPU
		{7507FD51-7F59-48A6-8632-B2C884F96DFA}.Release|Any CPU.Build.0 = Release|Any CPU
	EndGlobalSection
	GlobalSection(SolutionProperties) = preSolution
		HideSolutionNode = FALSE
	EndGlobalSection
EndGlobal
